
Microsoft Visual Studio Solution File, Format Version 12.00
# Visual Studio 14
VisualStudioVersion = 14.0.23107.0
MinimumVisualStudioVersion = 10.0.40219.1
Project("{FAE04EC0-301F-11D3-BF4B-00C04F79EFBC}") = "Susanoo.Core", "Susanoo.Core\Susanoo.Core.csproj", "{3F241CBD-FFF8-45AB-AD2A-F4780BB5FA59}"
EndProject
Project("{FAE04EC0-301F-11D3-BF4B-00C04F79EFBC}") = "Susanoo.Core.Tests", "Susanoo.Core.Tests\Susanoo.Core.Tests.csproj", "{0FFF8566-3DAC-4424-9FF9-C5E4685CDC7C}"
EndProject
Project("{FAE04EC0-301F-11D3-BF4B-00C04F79EFBC}") = "Susanoo.SqlServer", "Susanoo.SqlServer\Susanoo.SqlServer.csproj", "{9858CE1E-AB22-49A0-8139-BE61829C5111}"
EndProject
Project("{FAE04EC0-301F-11D3-BF4B-00C04F79EFBC}") = "Susanoo.SqlServer.Tests", "Susanoo.SqlServer.Tests\Susanoo.SqlServer.Tests.csproj", "{D4511C80-A760-4291-9015-426A24CCCCB6}"
EndProject
Project("{FAE04EC0-301F-11D3-BF4B-00C04F79EFBC}") = "Susanoo.Transforms", "Susanoo.Transforms\Susanoo.Transforms.csproj", "{67743E9F-D066-4E67-9AE2-D0F740DEFBFC}"
EndProject
Project("{FAE04EC0-301F-11D3-BF4B-00C04F79EFBC}") = "Susanoo.Transforms.Tests", "Susanoo.Transforms.Tests\Susanoo.Transforms.Tests.csproj", "{D6D97FE8-501A-430E-85D8-8F6729B96FED}"
EndProject
Project("{FAE04EC0-301F-11D3-BF4B-00C04F79EFBC}") = "Susanoo.Transforms.SqlServer", "Susanoo.Transforms.SqlServer\Susanoo.Transforms.SqlServer.csproj", "{6BBE402E-93EC-4395-8ABB-A9B999E3DECA}"
EndProject
Project("{FAE04EC0-301F-11D3-BF4B-00C04F79EFBC}") = "Susanoo.Transforms.SqlServer.Tests", "Susanoo.Transforms.SqlServer.Tests\Susanoo.Transforms.SqlServer.Tests.csproj", "{69924A58-0ABB-4819-9909-64D2EE33D8B6}"
EndProject
Project("{2150E333-8FDC-42A3-9474-1A3956D46DE8}") = "Unit Tests", "Unit Tests", "{D8EDF0F3-5D9F-44BC-A6FE-CB2C56C8679B}"
EndProject
Project("{FAE04EC0-301F-11D3-BF4B-00C04F79EFBC}") = "Susanoo.DependencyInjection.Ninject", "Susanoo.DependencyInjection.Ninject\Susanoo.DependencyInjection.Ninject.csproj", "{07626B61-92B7-45B2-BD0C-82B509109308}"
EndProject
Project("{FAE04EC0-301F-11D3-BF4B-00C04F79EFBC}") = "Susanoo.DependencyInjection.CastleWindsor", "Susanoo.DependencyInjection.CastleWindsor\Susanoo.DependencyInjection.CastleWindsor.csproj", "{A63AD74A-34CD-4B66-A309-2CA9C7006F93}"
EndProject
Project("{FAE04EC0-301F-11D3-BF4B-00C04F79EFBC}") = "Susanoo.DependencyInjection.StructureMap", "Susanoo.DependencyInjection.StructureMap\Susanoo.DependencyInjection.StructureMap.csproj", "{A034290F-D951-48CC-8735-27B46EBA5DDB}"
EndProject
Project("{FAE04EC0-301F-11D3-BF4B-00C04F79EFBC}") = "Susanoo.DependencyInjection.Autofac", "Susanoo.DependencyInjection.AutoFac\Susanoo.DependencyInjection.Autofac.csproj", "{46B82670-4753-4352-9F8F-7EB2DD07D8C4}"
EndProject
Project("{FAE04EC0-301F-11D3-BF4B-00C04F79EFBC}") = "Susanoo.Caching.Redis", "Susanoo.Caching.Redis\Susanoo.Caching.Redis.csproj", "{BC5FB44A-95BA-4CAF-8282-93A8F07F11CE}"
EndProject
Project("{2150E333-8FDC-42A3-9474-1A3956D46DE8}") = "Caching", "Caching", "{153D4245-00EB-448A-B5B7-4779103D1F7B}"
EndProject
Project("{2150E333-8FDC-42A3-9474-1A3956D46DE8}") = "DependencyInjection", "DependencyInjection", "{B8F92CB8-4274-466B-BA9D-72FACE1AB9F1}"
EndProject
Project("{2150E333-8FDC-42A3-9474-1A3956D46DE8}") = "Transforms", "Transforms", "{CD9DA71A-6630-4E8B-9864-AEAE481D2D52}"
EndProject
Project("{2150E333-8FDC-42A3-9474-1A3956D46DE8}") = "Extensions", "Extensions", "{4843057B-2B16-4A7B-9AB1-8603970804D6}"
EndProject
Global
	GlobalSection(SolutionConfigurationPlatforms) = preSolution
		Debug|Any CPU = Debug|Any CPU
		Debug|x64 = Debug|x64
		Mono|Any CPU = Mono|Any CPU
		Mono|x64 = Mono|x64
		Release 4.0|Any CPU = Release 4.0|Any CPU
		Release 4.0|x64 = Release 4.0|x64
		Release|Any CPU = Release|Any CPU
		Release|x64 = Release|x64
	EndGlobalSection
	GlobalSection(ProjectConfigurationPlatforms) = postSolution
		{3F241CBD-FFF8-45AB-AD2A-F4780BB5FA59}.Debug|Any CPU.ActiveCfg = Debug|Any CPU
		{3F241CBD-FFF8-45AB-AD2A-F4780BB5FA59}.Debug|Any CPU.Build.0 = Debug|Any CPU
		{3F241CBD-FFF8-45AB-AD2A-F4780BB5FA59}.Debug|x64.ActiveCfg = Debug|x64
		{3F241CBD-FFF8-45AB-AD2A-F4780BB5FA59}.Debug|x64.Build.0 = Debug|x64
		{3F241CBD-FFF8-45AB-AD2A-F4780BB5FA59}.Mono|Any CPU.ActiveCfg = Mono|Any CPU
		{3F241CBD-FFF8-45AB-AD2A-F4780BB5FA59}.Mono|Any CPU.Build.0 = Mono|Any CPU
		{3F241CBD-FFF8-45AB-AD2A-F4780BB5FA59}.Mono|x64.ActiveCfg = Mono|x64
		{3F241CBD-FFF8-45AB-AD2A-F4780BB5FA59}.Mono|x64.Build.0 = Mono|x64
		{3F241CBD-FFF8-45AB-AD2A-F4780BB5FA59}.Release 4.0|Any CPU.ActiveCfg = Release 4.0|Any CPU
		{3F241CBD-FFF8-45AB-AD2A-F4780BB5FA59}.Release 4.0|Any CPU.Build.0 = Release 4.0|Any CPU
		{3F241CBD-FFF8-45AB-AD2A-F4780BB5FA59}.Release 4.0|x64.ActiveCfg = Release 4.0|x64
		{3F241CBD-FFF8-45AB-AD2A-F4780BB5FA59}.Release 4.0|x64.Build.0 = Release 4.0|x64
		{3F241CBD-FFF8-45AB-AD2A-F4780BB5FA59}.Release|Any CPU.ActiveCfg = Release|Any CPU
		{3F241CBD-FFF8-45AB-AD2A-F4780BB5FA59}.Release|Any CPU.Build.0 = Release|Any CPU
		{3F241CBD-FFF8-45AB-AD2A-F4780BB5FA59}.Release|x64.ActiveCfg = Release|x64
		{3F241CBD-FFF8-45AB-AD2A-F4780BB5FA59}.Release|x64.Build.0 = Release|x64
		{0FFF8566-3DAC-4424-9FF9-C5E4685CDC7C}.Debug|Any CPU.ActiveCfg = Debug|Any CPU
		{0FFF8566-3DAC-4424-9FF9-C5E4685CDC7C}.Debug|Any CPU.Build.0 = Debug|Any CPU
		{0FFF8566-3DAC-4424-9FF9-C5E4685CDC7C}.Debug|x64.ActiveCfg = Debug|x64
		{0FFF8566-3DAC-4424-9FF9-C5E4685CDC7C}.Debug|x64.Build.0 = Debug|x64
		{0FFF8566-3DAC-4424-9FF9-C5E4685CDC7C}.Mono|Any CPU.ActiveCfg = Mono|Any CPU
		{0FFF8566-3DAC-4424-9FF9-C5E4685CDC7C}.Mono|Any CPU.Build.0 = Mono|Any CPU
		{0FFF8566-3DAC-4424-9FF9-C5E4685CDC7C}.Mono|x64.ActiveCfg = Mono|x64
		{0FFF8566-3DAC-4424-9FF9-C5E4685CDC7C}.Mono|x64.Build.0 = Mono|x64
		{0FFF8566-3DAC-4424-9FF9-C5E4685CDC7C}.Release 4.0|Any CPU.ActiveCfg = Release 4.0|Any CPU
		{0FFF8566-3DAC-4424-9FF9-C5E4685CDC7C}.Release 4.0|Any CPU.Build.0 = Release 4.0|Any CPU
		{0FFF8566-3DAC-4424-9FF9-C5E4685CDC7C}.Release 4.0|x64.ActiveCfg = Release 4.0|x64
		{0FFF8566-3DAC-4424-9FF9-C5E4685CDC7C}.Release 4.0|x64.Build.0 = Release 4.0|x64
		{0FFF8566-3DAC-4424-9FF9-C5E4685CDC7C}.Release|Any CPU.ActiveCfg = Release|Any CPU
		{0FFF8566-3DAC-4424-9FF9-C5E4685CDC7C}.Release|Any CPU.Build.0 = Release|Any CPU
		{0FFF8566-3DAC-4424-9FF9-C5E4685CDC7C}.Release|x64.ActiveCfg = Release|x64
		{0FFF8566-3DAC-4424-9FF9-C5E4685CDC7C}.Release|x64.Build.0 = Release|x64
		{9858CE1E-AB22-49A0-8139-BE61829C5111}.Debug|Any CPU.ActiveCfg = Debug|Any CPU
		{9858CE1E-AB22-49A0-8139-BE61829C5111}.Debug|Any CPU.Build.0 = Debug|Any CPU
		{9858CE1E-AB22-49A0-8139-BE61829C5111}.Debug|x64.ActiveCfg = Debug|Any CPU
		{9858CE1E-AB22-49A0-8139-BE61829C5111}.Mono|Any CPU.ActiveCfg = Mono|Any CPU
		{9858CE1E-AB22-49A0-8139-BE61829C5111}.Mono|Any CPU.Build.0 = Mono|Any CPU
		{9858CE1E-AB22-49A0-8139-BE61829C5111}.Mono|x64.ActiveCfg = Mono|Any CPU
		{9858CE1E-AB22-49A0-8139-BE61829C5111}.Mono|x64.Build.0 = Mono|Any CPU
		{9858CE1E-AB22-49A0-8139-BE61829C5111}.Release 4.0|Any CPU.ActiveCfg = Release 4.0|Any CPU
		{9858CE1E-AB22-49A0-8139-BE61829C5111}.Release 4.0|Any CPU.Build.0 = Release 4.0|Any CPU
		{9858CE1E-AB22-49A0-8139-BE61829C5111}.Release 4.0|x64.ActiveCfg = Release 4.0|Any CPU
		{9858CE1E-AB22-49A0-8139-BE61829C5111}.Release 4.0|x64.Build.0 = Release 4.0|Any CPU
		{9858CE1E-AB22-49A0-8139-BE61829C5111}.Release|Any CPU.ActiveCfg = Release|Any CPU
		{9858CE1E-AB22-49A0-8139-BE61829C5111}.Release|Any CPU.Build.0 = Release|Any CPU
		{9858CE1E-AB22-49A0-8139-BE61829C5111}.Release|x64.ActiveCfg = Release|Any CPU
		{D4511C80-A760-4291-9015-426A24CCCCB6}.Debug|Any CPU.ActiveCfg = Debug|Any CPU
		{D4511C80-A760-4291-9015-426A24CCCCB6}.Debug|Any CPU.Build.0 = Debug|Any CPU
		{D4511C80-A760-4291-9015-426A24CCCCB6}.Debug|x64.ActiveCfg = Debug|Any CPU
		{D4511C80-A760-4291-9015-426A24CCCCB6}.Mono|Any CPU.ActiveCfg = Mono|Any CPU
		{D4511C80-A760-4291-9015-426A24CCCCB6}.Mono|Any CPU.Build.0 = Mono|Any CPU
		{D4511C80-A760-4291-9015-426A24CCCCB6}.Mono|x64.ActiveCfg = Mono|Any CPU
		{D4511C80-A760-4291-9015-426A24CCCCB6}.Mono|x64.Build.0 = Mono|Any CPU
		{D4511C80-A760-4291-9015-426A24CCCCB6}.Release 4.0|Any CPU.ActiveCfg = Release 4.0|Any CPU
		{D4511C80-A760-4291-9015-426A24CCCCB6}.Release 4.0|Any CPU.Build.0 = Release 4.0|Any CPU
		{D4511C80-A760-4291-9015-426A24CCCCB6}.Release 4.0|x64.ActiveCfg = Release 4.0|Any CPU
		{D4511C80-A760-4291-9015-426A24CCCCB6}.Release 4.0|x64.Build.0 = Release 4.0|Any CPU
		{D4511C80-A760-4291-9015-426A24CCCCB6}.Release|Any CPU.ActiveCfg = Release|Any CPU
		{D4511C80-A760-4291-9015-426A24CCCCB6}.Release|Any CPU.Build.0 = Release|Any CPU
		{D4511C80-A760-4291-9015-426A24CCCCB6}.Release|x64.ActiveCfg = Release|Any CPU
		{67743E9F-D066-4E67-9AE2-D0F740DEFBFC}.Debug|Any CPU.ActiveCfg = Debug|Any CPU
		{67743E9F-D066-4E67-9AE2-D0F740DEFBFC}.Debug|Any CPU.Build.0 = Debug|Any CPU
		{67743E9F-D066-4E67-9AE2-D0F740DEFBFC}.Debug|x64.ActiveCfg = Debug|Any CPU
		{67743E9F-D066-4E67-9AE2-D0F740DEFBFC}.Debug|x64.Build.0 = Debug|Any CPU
		{67743E9F-D066-4E67-9AE2-D0F740DEFBFC}.Mono|Any CPU.ActiveCfg = Mono|Any CPU
		{67743E9F-D066-4E67-9AE2-D0F740DEFBFC}.Mono|Any CPU.Build.0 = Mono|Any CPU
		{67743E9F-D066-4E67-9AE2-D0F740DEFBFC}.Mono|x64.ActiveCfg = Mono|Any CPU
		{67743E9F-D066-4E67-9AE2-D0F740DEFBFC}.Mono|x64.Build.0 = Mono|Any CPU
		{67743E9F-D066-4E67-9AE2-D0F740DEFBFC}.Release 4.0|Any CPU.ActiveCfg = Release 4.0|Any CPU
		{67743E9F-D066-4E67-9AE2-D0F740DEFBFC}.Release 4.0|Any CPU.Build.0 = Release 4.0|Any CPU
		{67743E9F-D066-4E67-9AE2-D0F740DEFBFC}.Release 4.0|x64.ActiveCfg = Release 4.0|Any CPU
		{67743E9F-D066-4E67-9AE2-D0F740DEFBFC}.Release 4.0|x64.Build.0 = Release 4.0|Any CPU
		{67743E9F-D066-4E67-9AE2-D0F740DEFBFC}.Release|Any CPU.ActiveCfg = Release|Any CPU
		{67743E9F-D066-4E67-9AE2-D0F740DEFBFC}.Release|Any CPU.Build.0 = Release|Any CPU
		{67743E9F-D066-4E67-9AE2-D0F740DEFBFC}.Release|x64.ActiveCfg = Release|Any CPU
		{67743E9F-D066-4E67-9AE2-D0F740DEFBFC}.Release|x64.Build.0 = Release|Any CPU
		{D6D97FE8-501A-430E-85D8-8F6729B96FED}.Debug|Any CPU.ActiveCfg = Debug|Any CPU
		{D6D97FE8-501A-430E-85D8-8F6729B96FED}.Debug|Any CPU.Build.0 = Debug|Any CPU
		{D6D97FE8-501A-430E-85D8-8F6729B96FED}.Debug|x64.ActiveCfg = Debug|x64
		{D6D97FE8-501A-430E-85D8-8F6729B96FED}.Debug|x64.Build.0 = Debug|x64
		{D6D97FE8-501A-430E-85D8-8F6729B96FED}.Mono|Any CPU.ActiveCfg = Mono|Any CPU
		{D6D97FE8-501A-430E-85D8-8F6729B96FED}.Mono|Any CPU.Build.0 = Mono|Any CPU
		{D6D97FE8-501A-430E-85D8-8F6729B96FED}.Mono|x64.ActiveCfg = Mono|x64
		{D6D97FE8-501A-430E-85D8-8F6729B96FED}.Mono|x64.Build.0 = Mono|x64
		{D6D97FE8-501A-430E-85D8-8F6729B96FED}.Release 4.0|Any CPU.ActiveCfg = Release 4.0|Any CPU
		{D6D97FE8-501A-430E-85D8-8F6729B96FED}.Release 4.0|Any CPU.Build.0 = Release 4.0|Any CPU
		{D6D97FE8-501A-430E-85D8-8F6729B96FED}.Release 4.0|x64.ActiveCfg = Release 4.0|x64
		{D6D97FE8-501A-430E-85D8-8F6729B96FED}.Release 4.0|x64.Build.0 = Release 4.0|x64
		{D6D97FE8-501A-430E-85D8-8F6729B96FED}.Release|Any CPU.ActiveCfg = Release|Any CPU
		{D6D97FE8-501A-430E-85D8-8F6729B96FED}.Release|Any CPU.Build.0 = Release|Any CPU
		{D6D97FE8-501A-430E-85D8-8F6729B96FED}.Release|x64.ActiveCfg = Release|x64
		{D6D97FE8-501A-430E-85D8-8F6729B96FED}.Release|x64.Build.0 = Release|x64
		{6BBE402E-93EC-4395-8ABB-A9B999E3DECA}.Debug|Any CPU.ActiveCfg = Debug|Any CPU
		{6BBE402E-93EC-4395-8ABB-A9B999E3DECA}.Debug|Any CPU.Build.0 = Debug|Any CPU
		{6BBE402E-93EC-4395-8ABB-A9B999E3DECA}.Debug|x64.ActiveCfg = Debug|Any CPU
		{6BBE402E-93EC-4395-8ABB-A9B999E3DECA}.Debug|x64.Build.0 = Debug|Any CPU
		{6BBE402E-93EC-4395-8ABB-A9B999E3DECA}.Mono|Any CPU.ActiveCfg = Mono|Any CPU
		{6BBE402E-93EC-4395-8ABB-A9B999E3DECA}.Mono|Any CPU.Build.0 = Mono|Any CPU
		{6BBE402E-93EC-4395-8ABB-A9B999E3DECA}.Mono|x64.ActiveCfg = Mono|Any CPU
		{6BBE402E-93EC-4395-8ABB-A9B999E3DECA}.Mono|x64.Build.0 = Mono|Any CPU
		{6BBE402E-93EC-4395-8ABB-A9B999E3DECA}.Release 4.0|Any CPU.ActiveCfg = Release 4.0|Any CPU
		{6BBE402E-93EC-4395-8ABB-A9B999E3DECA}.Release 4.0|Any CPU.Build.0 = Release 4.0|Any CPU
		{6BBE402E-93EC-4395-8ABB-A9B999E3DECA}.Release 4.0|x64.ActiveCfg = Release 4.0|Any CPU
		{6BBE402E-93EC-4395-8ABB-A9B999E3DECA}.Release 4.0|x64.Build.0 = Release 4.0|Any CPU
		{6BBE402E-93EC-4395-8ABB-A9B999E3DECA}.Release|Any CPU.ActiveCfg = Release|Any CPU
		{6BBE402E-93EC-4395-8ABB-A9B999E3DECA}.Release|Any CPU.Build.0 = Release|Any CPU
		{6BBE402E-93EC-4395-8ABB-A9B999E3DECA}.Release|x64.ActiveCfg = Release|Any CPU
		{6BBE402E-93EC-4395-8ABB-A9B999E3DECA}.Release|x64.Build.0 = Release|Any CPU
		{69924A58-0ABB-4819-9909-64D2EE33D8B6}.Debug|Any CPU.ActiveCfg = Debug|Any CPU
		{69924A58-0ABB-4819-9909-64D2EE33D8B6}.Debug|Any CPU.Build.0 = Debug|Any CPU
		{69924A58-0ABB-4819-9909-64D2EE33D8B6}.Debug|x64.ActiveCfg = Debug|x64
		{69924A58-0ABB-4819-9909-64D2EE33D8B6}.Debug|x64.Build.0 = Debug|x64
		{69924A58-0ABB-4819-9909-64D2EE33D8B6}.Mono|Any CPU.ActiveCfg = Mono|Any CPU
		{69924A58-0ABB-4819-9909-64D2EE33D8B6}.Mono|Any CPU.Build.0 = Mono|Any CPU
		{69924A58-0ABB-4819-9909-64D2EE33D8B6}.Mono|x64.ActiveCfg = Mono|x64
		{69924A58-0ABB-4819-9909-64D2EE33D8B6}.Mono|x64.Build.0 = Mono|x64
		{69924A58-0ABB-4819-9909-64D2EE33D8B6}.Release 4.0|Any CPU.ActiveCfg = Release 4.0|Any CPU
		{69924A58-0ABB-4819-9909-64D2EE33D8B6}.Release 4.0|Any CPU.Build.0 = Release 4.0|Any CPU
		{69924A58-0ABB-4819-9909-64D2EE33D8B6}.Release 4.0|x64.ActiveCfg = Release 4.0|x64
		{69924A58-0ABB-4819-9909-64D2EE33D8B6}.Release 4.0|x64.Build.0 = Release 4.0|x64
		{69924A58-0ABB-4819-9909-64D2EE33D8B6}.Release|Any CPU.ActiveCfg = Release|Any CPU
		{69924A58-0ABB-4819-9909-64D2EE33D8B6}.Release|Any CPU.Build.0 = Release|Any CPU
		{69924A58-0ABB-4819-9909-64D2EE33D8B6}.Release|x64.ActiveCfg = Release|x64
		{69924A58-0ABB-4819-9909-64D2EE33D8B6}.Release|x64.Build.0 = Release|x64
		{07626B61-92B7-45B2-BD0C-82B509109308}.Debug|Any CPU.ActiveCfg = Debug|Any CPU
		{07626B61-92B7-45B2-BD0C-82B509109308}.Debug|Any CPU.Build.0 = Debug|Any CPU
		{07626B61-92B7-45B2-BD0C-82B509109308}.Debug|x64.ActiveCfg = Debug|Any CPU
		{07626B61-92B7-45B2-BD0C-82B509109308}.Debug|x64.Build.0 = Debug|Any CPU
		{07626B61-92B7-45B2-BD0C-82B509109308}.Mono|Any CPU.ActiveCfg = Mono|Any CPU
		{07626B61-92B7-45B2-BD0C-82B509109308}.Mono|Any CPU.Build.0 = Mono|Any CPU
		{07626B61-92B7-45B2-BD0C-82B509109308}.Mono|x64.ActiveCfg = Mono|Any CPU
		{07626B61-92B7-45B2-BD0C-82B509109308}.Mono|x64.Build.0 = Mono|Any CPU
		{07626B61-92B7-45B2-BD0C-82B509109308}.Release 4.0|Any CPU.ActiveCfg = Release|Any CPU
		{07626B61-92B7-45B2-BD0C-82B509109308}.Release 4.0|Any CPU.Build.0 = Release|Any CPU
		{07626B61-92B7-45B2-BD0C-82B509109308}.Release 4.0|x64.ActiveCfg = Release|Any CPU
		{07626B61-92B7-45B2-BD0C-82B509109308}.Release 4.0|x64.Build.0 = Release|Any CPU
		{07626B61-92B7-45B2-BD0C-82B509109308}.Release|Any CPU.ActiveCfg = Release|Any CPU
		{07626B61-92B7-45B2-BD0C-82B509109308}.Release|Any CPU.Build.0 = Release|Any CPU
		{07626B61-92B7-45B2-BD0C-82B509109308}.Release|x64.ActiveCfg = Release|Any CPU
		{07626B61-92B7-45B2-BD0C-82B509109308}.Release|x64.Build.0 = Release|Any CPU
		{A63AD74A-34CD-4B66-A309-2CA9C7006F93}.Debug|Any CPU.ActiveCfg = Debug|Any CPU
		{A63AD74A-34CD-4B66-A309-2CA9C7006F93}.Debug|Any CPU.Build.0 = Debug|Any CPU
		{A63AD74A-34CD-4B66-A309-2CA9C7006F93}.Debug|x64.ActiveCfg = Debug|Any CPU
		{A63AD74A-34CD-4B66-A309-2CA9C7006F93}.Debug|x64.Build.0 = Debug|Any CPU
		{A63AD74A-34CD-4B66-A309-2CA9C7006F93}.Mono|Any CPU.ActiveCfg = Mono|Any CPU
		{A63AD74A-34CD-4B66-A309-2CA9C7006F93}.Mono|Any CPU.Build.0 = Mono|Any CPU
		{A63AD74A-34CD-4B66-A309-2CA9C7006F93}.Mono|x64.ActiveCfg = Mono|Any CPU
		{A63AD74A-34CD-4B66-A309-2CA9C7006F93}.Mono|x64.Build.0 = Mono|Any CPU
		{A63AD74A-34CD-4B66-A309-2CA9C7006F93}.Release 4.0|Any CPU.ActiveCfg = Release|Any CPU
		{A63AD74A-34CD-4B66-A309-2CA9C7006F93}.Release 4.0|Any CPU.Build.0 = Release|Any CPU
		{A63AD74A-34CD-4B66-A309-2CA9C7006F93}.Release 4.0|x64.ActiveCfg = Release|Any CPU
		{A63AD74A-34CD-4B66-A309-2CA9C7006F93}.Release 4.0|x64.Build.0 = Release|Any CPU
		{A63AD74A-34CD-4B66-A309-2CA9C7006F93}.Release|Any CPU.ActiveCfg = Release|Any CPU
		{A63AD74A-34CD-4B66-A309-2CA9C7006F93}.Release|Any CPU.Build.0 = Release|Any CPU
		{A63AD74A-34CD-4B66-A309-2CA9C7006F93}.Release|x64.ActiveCfg = Release|Any CPU
		{A63AD74A-34CD-4B66-A309-2CA9C7006F93}.Release|x64.Build.0 = Release|Any CPU
		{A034290F-D951-48CC-8735-27B46EBA5DDB}.Debug|Any CPU.ActiveCfg = Debug|Any CPU
		{A034290F-D951-48CC-8735-27B46EBA5DDB}.Debug|Any CPU.Build.0 = Debug|Any CPU
		{A034290F-D951-48CC-8735-27B46EBA5DDB}.Debug|x64.ActiveCfg = Debug|Any CPU
		{A034290F-D951-48CC-8735-27B46EBA5DDB}.Debug|x64.Build.0 = Debug|Any CPU
		{A034290F-D951-48CC-8735-27B46EBA5DDB}.Mono|Any CPU.ActiveCfg = Mono|Any CPU
		{A034290F-D951-48CC-8735-27B46EBA5DDB}.Mono|Any CPU.Build.0 = Mono|Any CPU
		{A034290F-D951-48CC-8735-27B46EBA5DDB}.Mono|x64.ActiveCfg = Mono|Any CPU
		{A034290F-D951-48CC-8735-27B46EBA5DDB}.Mono|x64.Build.0 = Mono|Any CPU
		{A034290F-D951-48CC-8735-27B46EBA5DDB}.Release 4.0|Any CPU.ActiveCfg = Release|Any CPU
		{A034290F-D951-48CC-8735-27B46EBA5DDB}.Release 4.0|Any CPU.Build.0 = Release|Any CPU
		{A034290F-D951-48CC-8735-27B46EBA5DDB}.Release 4.0|x64.ActiveCfg = Release|Any CPU
		{A034290F-D951-48CC-8735-27B46EBA5DDB}.Release 4.0|x64.Build.0 = Release|Any CPU
		{A034290F-D951-48CC-8735-27B46EBA5DDB}.Release|Any CPU.ActiveCfg = Release|Any CPU
		{A034290F-D951-48CC-8735-27B46EBA5DDB}.Release|Any CPU.Build.0 = Release|Any CPU
		{A034290F-D951-48CC-8735-27B46EBA5DDB}.Release|x64.ActiveCfg = Release|Any CPU
		{A034290F-D951-48CC-8735-27B46EBA5DDB}.Release|x64.Build.0 = Release|Any CPU
		{46B82670-4753-4352-9F8F-7EB2DD07D8C4}.Debug|Any CPU.ActiveCfg = Debug|Any CPU
		{46B82670-4753-4352-9F8F-7EB2DD07D8C4}.Debug|Any CPU.Build.0 = Debug|Any CPU
		{46B82670-4753-4352-9F8F-7EB2DD07D8C4}.Debug|x64.ActiveCfg = Debug|Any CPU
		{46B82670-4753-4352-9F8F-7EB2DD07D8C4}.Debug|x64.Build.0 = Debug|Any CPU
		{46B82670-4753-4352-9F8F-7EB2DD07D8C4}.Mono|Any CPU.ActiveCfg = Mono|Any CPU
		{46B82670-4753-4352-9F8F-7EB2DD07D8C4}.Mono|Any CPU.Build.0 = Mono|Any CPU
		{46B82670-4753-4352-9F8F-7EB2DD07D8C4}.Mono|x64.ActiveCfg = Mono|Any CPU
		{46B82670-4753-4352-9F8F-7EB2DD07D8C4}.Mono|x64.Build.0 = Mono|Any CPU
		{46B82670-4753-4352-9F8F-7EB2DD07D8C4}.Release 4.0|Any CPU.ActiveCfg = Release|Any CPU
		{46B82670-4753-4352-9F8F-7EB2DD07D8C4}.Release 4.0|Any CPU.Build.0 = Release|Any CPU
		{46B82670-4753-4352-9F8F-7EB2DD07D8C4}.Release 4.0|x64.ActiveCfg = Release|Any CPU
		{46B82670-4753-4352-9F8F-7EB2DD07D8C4}.Release 4.0|x64.Build.0 = Release|Any CPU
		{46B82670-4753-4352-9F8F-7EB2DD07D8C4}.Release|Any CPU.ActiveCfg = Release|Any CPU
		{46B82670-4753-4352-9F8F-7EB2DD07D8C4}.Release|Any CPU.Build.0 = Release|Any CPU
		{46B82670-4753-4352-9F8F-7EB2DD07D8C4}.Release|x64.ActiveCfg = Release|Any CPU
		{46B82670-4753-4352-9F8F-7EB2DD07D8C4}.Release|x64.Build.0 = Release|Any CPU
		{BC5FB44A-95BA-4CAF-8282-93A8F07F11CE}.Debug|Any CPU.ActiveCfg = Debug|Any CPU
		{BC5FB44A-95BA-4CAF-8282-93A8F07F11CE}.Debug|Any CPU.Build.0 = Debug|Any CPU
		{BC5FB44A-95BA-4CAF-8282-93A8F07F11CE}.Debug|x64.ActiveCfg = Debug|Any CPU
		{BC5FB44A-95BA-4CAF-8282-93A8F07F11CE}.Debug|x64.Build.0 = Debug|Any CPU
		{BC5FB44A-95BA-4CAF-8282-93A8F07F11CE}.Mono|Any CPU.ActiveCfg = Mono|Any CPU
		{BC5FB44A-95BA-4CAF-8282-93A8F07F11CE}.Mono|Any CPU.Build.0 = Mono|Any CPU
		{BC5FB44A-95BA-4CAF-8282-93A8F07F11CE}.Mono|x64.ActiveCfg = Mono|Any CPU
		{BC5FB44A-95BA-4CAF-8282-93A8F07F11CE}.Mono|x64.Build.0 = Mono|Any CPU
		{BC5FB44A-95BA-4CAF-8282-93A8F07F11CE}.Release 4.0|Any CPU.ActiveCfg = Release|Any CPU
		{BC5FB44A-95BA-4CAF-8282-93A8F07F11CE}.Release 4.0|Any CPU.Build.0 = Release|Any CPU
		{BC5FB44A-95BA-4CAF-8282-93A8F07F11CE}.Release 4.0|x64.ActiveCfg = Release|Any CPU
		{BC5FB44A-95BA-4CAF-8282-93A8F07F11CE}.Release 4.0|x64.Build.0 = Release|Any CPU
		{BC5FB44A-95BA-4CAF-8282-93A8F07F11CE}.Release|Any CPU.ActiveCfg = Release|Any CPU
		{BC5FB44A-95BA-4CAF-8282-93A8F07F11CE}.Release|Any CPU.Build.0 = Release|Any CPU
		{BC5FB44A-95BA-4CAF-8282-93A8F07F11CE}.Release|x64.ActiveCfg = Release|Any CPU
		{BC5FB44A-95BA-4CAF-8282-93A8F07F11CE}.Release|x64.Build.0 = Release|Any CPU
	EndGlobalSection
	GlobalSection(SolutionProperties) = preSolution
		HideSolutionNode = FALSE
	EndGlobalSection
	GlobalSection(NestedProjects) = preSolution
		{0FFF8566-3DAC-4424-9FF9-C5E4685CDC7C} = {D8EDF0F3-5D9F-44BC-A6FE-CB2C56C8679B}
		{D4511C80-A760-4291-9015-426A24CCCCB6} = {D8EDF0F3-5D9F-44BC-A6FE-CB2C56C8679B}
		{67743E9F-D066-4E67-9AE2-D0F740DEFBFC} = {CD9DA71A-6630-4E8B-9864-AEAE481D2D52}
		{D6D97FE8-501A-430E-85D8-8F6729B96FED} = {D8EDF0F3-5D9F-44BC-A6FE-CB2C56C8679B}
		{6BBE402E-93EC-4395-8ABB-A9B999E3DECA} = {CD9DA71A-6630-4E8B-9864-AEAE481D2D52}
		{69924A58-0ABB-4819-9909-64D2EE33D8B6} = {D8EDF0F3-5D9F-44BC-A6FE-CB2C56C8679B}
		{07626B61-92B7-45B2-BD0C-82B509109308} = {B8F92CB8-4274-466B-BA9D-72FACE1AB9F1}
		{A63AD74A-34CD-4B66-A309-2CA9C7006F93} = {B8F92CB8-4274-466B-BA9D-72FACE1AB9F1}
		{A034290F-D951-48CC-8735-27B46EBA5DDB} = {B8F92CB8-4274-466B-BA9D-72FACE1AB9F1}
		{46B82670-4753-4352-9F8F-7EB2DD07D8C4} = {B8F92CB8-4274-466B-BA9D-72FACE1AB9F1}
		{BC5FB44A-95BA-4CAF-8282-93A8F07F11CE} = {153D4245-00EB-448A-B5B7-4779103D1F7B}
		{153D4245-00EB-448A-B5B7-4779103D1F7B} = {4843057B-2B16-4A7B-9AB1-8603970804D6}
		{B8F92CB8-4274-466B-BA9D-72FACE1AB9F1} = {4843057B-2B16-4A7B-9AB1-8603970804D6}
		{CD9DA71A-6630-4E8B-9864-AEAE481D2D52} = {4843057B-2B16-4A7B-9AB1-8603970804D6}
	EndGlobalSection
	GlobalSection(CodealikeProperties) = postSolution
		SolutionGuid = 00000000-0000-0000-0000-000000000000
	EndGlobalSection
EndGlobal
