
Microsoft Visual Studio Solution File, Format Version 12.00
# Visual Studio 2012
Project("{FAE04EC0-301F-11D3-BF4B-00C04F79EFBC}") = "Susanoo", "Susanoo\Susanoo.csproj", "{3F241CBD-FFF8-45AB-AD2A-F4780BB5FA59}"
EndProject
Global
	GlobalSection(SolutionConfigurationPlatforms) = preSolution
		Debug|Any CPU = Debug|Any CPU
		Release|Any CPU = Release|Any CPU
	EndGlobalSection
	GlobalSection(ProjectConfigurationPlatforms) = postSolution
		{3F241CBD-FFF8-45AB-AD2A-F4780BB5FA59}.Debug|Any CPU.ActiveCfg = Debug|Any CPU
		{3F241CBD-FFF8-45AB-AD2A-F4780BB5FA59}.Debug|Any CPU.Build.0 = Debug|Any CPU
		{3F241CBD-FFF8-45AB-AD2A-F4780BB5FA59}.Release|Any CPU.ActiveCfg = Release|Any CPU
		{3F241CBD-FFF8-45AB-AD2A-F4780BB5FA59}.Release|Any CPU.Build.0 = Release|Any CPU
	EndGlobalSection
	GlobalSection(SolutionProperties) = preSolution
		HideSolutionNode = FALSE
	EndGlobalSection
	GlobalSection(Performance) = preSolution
		HasPerformanceSessions = true
	EndGlobalSection
	GlobalSection(CodealikeProperties) = postSolution
		SolutionGuid = 00000000-0000-0000-0000-000000000000
	EndGlobalSection
EndGlobal
